{
  "version": 4,
  "terraform_version": "1.4.0",
  "serial": 16,
  "lineage": "05c21456-71c6-14a9-5dff-63dc98cc5cb0",
  "outputs": {},
  "resources": [
    {
      "mode": "managed",
      "type": "azurerm_linux_virtual_machine",
      "name": "vm",
      "provider": "provider[\"registry.terraform.io/hashicorp/azurerm\"]",
      "instances": [
        {
          "schema_version": 0,
          "attributes": {
            "additional_capabilities": [],
            "admin_password": null,
            "admin_ssh_key": [
              {
                "public_key": "ssh-rsa AAAAB3NzaC1yc2EAAAADAQABAAABgQC++DW/sWKgkVADRGvLSSYv3T2AuF+RtWV4PczFPWYCvCc6zNBvv3LpWO5JZA6MXqMcGEC4zGOKB5p8WL9xt0/5+Dwiljermi5ZzVBiebL2H+OatCaQXeCnF3T9bYepvQCbxFpaDGuW0Xj0+dQFl84ZJGbNhPhfgXKG3scTkvUkwYbbAcXaEk8X9DNfl9+rA+x5rbYGgDA478+cDEU1tdEt+NSXPUDEL+4CVMCHANJMeYE3FVcFi/3hIJz8+KKHrDUXD0nKAuMnkSCaXXqffvGCTdoh+KTxEPjhMH0fuAEMJmvnJQsZM5DtpyRIchxok/xuMwOxXkfCYC7JFMZO2Y4k+6jz4M39WfqNvJELIHg5J66/OZAHO038zNqUPuDMRroQulJn40236I4wBjirsE1mjcR5V5qlCWnCQk9hCchdaIqJvfZa2MTnrkfvw+XdijP/lu/CTZjkuL8Qh8zxjjLEZUIjA7TNAd8LpWUQQi0V4mKgjnAGHpaA4kibPpBxR48= babanjot@Babanjots-MacBook-Air.local\n",
                "username": "firstN01580452"
              }
            ],
            "admin_username": "firstN01580452",
            "allow_extension_operations": true,
            "availability_set_id": "",
            "boot_diagnostics": [],
            "capacity_reservation_group_id": "",
            "computer_name": "n01580452-u-vm1",
            "custom_data": null,
            "dedicated_host_group_id": "",
            "dedicated_host_id": "",
            "disable_password_authentication": true,
            "edge_zone": "",
            "encryption_at_host_enabled": false,
            "eviction_policy": "",
            "extensions_time_budget": "PT1H30M",
            "gallery_application": [],
            "id": "/subscriptions/45671bb2-5cf6-4af1-83be-49f267739452/resourceGroups/network-rg/providers/Microsoft.Compute/virtualMachines/n01580452-u-vm1",
            "identity": [],
            "license_type": "",
            "location": "centralindia",
            "max_bid_price": -1,
            "name": "n01580452-u-vm1",
            "network_interface_ids": [
              "/subscriptions/45671bb2-5cf6-4af1-83be-49f267739452/resourceGroups/network-rg/providers/Microsoft.Network/networkInterfaces/n01580452-u-vm1-nic"
            ],
            "os_disk": [
              {
                "caching": "ReadWrite",
                "diff_disk_settings": [],
                "disk_encryption_set_id": "",
                "disk_size_gb": 30,
                "name": "n01580452-u-vm1_disk1_f11a8bf93c104bea86d1c37aaee43115",
                "secure_vm_disk_encryption_set_id": "",
                "security_encryption_type": "",
                "storage_account_type": "Premium_LRS",
                "write_accelerator_enabled": false
              }
            ],
            "patch_assessment_mode": "ImageDefault",
            "patch_mode": "ImageDefault",
            "plan": [],
            "platform_fault_domain": -1,
            "priority": "Regular",
            "private_ip_address": "10.0.0.4",
            "private_ip_addresses": [
              "10.0.0.4"
            ],
            "provision_vm_agent": true,
            "proximity_placement_group_id": "",
            "public_ip_address": "",
            "public_ip_addresses": [],
            "resource_group_name": "network-rg",
            "secret": [],
            "secure_boot_enabled": false,
            "size": "Standard_B1s",
            "source_image_id": "",
            "source_image_reference": [
              {
                "offer": "0001-com-ubuntu-server-focal",
                "publisher": "canonical",
                "sku": "20_04-lts-gen2",
                "version": "latest"
              }
            ],
            "tags": null,
            "termination_notification": null,
            "timeouts": null,
            "user_data": "",
            "virtual_machine_id": "37e2b4d3-d6c5-4a5d-bfb7-abaf2c2d2332",
            "virtual_machine_scale_set_id": "",
            "vtpm_enabled": false,
            "zone": ""
          },
          "sensitive_attributes": [],
          "private": "eyJlMmJmYjczMC1lY2FhLTExZTYtOGY4OC0zNDM2M2JjN2M0YzAiOnsiY3JlYXRlIjoyNzAwMDAwMDAwMDAwLCJkZWxldGUiOjI3MDAwMDAwMDAwMDAsInJlYWQiOjMwMDAwMDAwMDAwMCwidXBkYXRlIjoyNzAwMDAwMDAwMDAwfX0=",
          "dependencies": [
            "azurerm_network_interface.nic",
            "azurerm_resource_group.network-rg"
          ]
        }
      ]
    },
    {
      "mode": "managed",
      "type": "azurerm_network_interface",
      "name": "nic",
      "provider": "provider[\"registry.terraform.io/hashicorp/azurerm\"]",
      "instances": [
        {
          "schema_version": 0,
          "attributes": {
            "applied_dns_servers": [],
            "dns_servers": [],
            "edge_zone": "",
            "enable_accelerated_networking": false,
            "enable_ip_forwarding": false,
            "id": "/subscriptions/45671bb2-5cf6-4af1-83be-49f267739452/resourceGroups/network-rg/providers/Microsoft.Network/networkInterfaces/n01580452-u-vm1-nic",
            "internal_dns_name_label": "",
            "internal_domain_name_suffix": "nuqx2hbf5gzuvdxx4es2pncjyd.rx.internal.cloudapp.net",
            "ip_configuration": [
              {
                "gateway_load_balancer_frontend_ip_configuration_id": "",
                "name": "n01580452-u-vm1-ipconfig",
                "primary": true,
                "private_ip_address": "10.0.0.4",
                "private_ip_address_allocation": "Dynamic",
                "private_ip_address_version": "IPv4",
                "public_ip_address_id": "",
                "subnet_id": "/subscriptions/45671bb2-5cf6-4af1-83be-49f267739452/resourceGroups/network-rg/providers/Microsoft.Network/virtualNetworks/network-vnet/subnets/network-subnet1"
              }
            ],
            "location": "centralindia",
            "mac_address": "",
            "name": "n01580452-u-vm1-nic",
            "private_ip_address": "10.0.0.4",
            "private_ip_addresses": [
              "10.0.0.4"
            ],
            "resource_group_name": "network-rg",
            "tags": {},
            "timeouts": null,
            "virtual_machine_id": ""
          },
          "sensitive_attributes": [],
          "private": "eyJlMmJmYjczMC1lY2FhLTExZTYtOGY4OC0zNDM2M2JjN2M0YzAiOnsiY3JlYXRlIjoxODAwMDAwMDAwMDAwLCJkZWxldGUiOjE4MDAwMDAwMDAwMDAsInJlYWQiOjMwMDAwMDAwMDAwMCwidXBkYXRlIjoxODAwMDAwMDAwMDAwfX0=",
          "dependencies": [
            "azurerm_resource_group.network-rg",
            "azurerm_subnet.network-subnet1",
            "azurerm_virtual_network.network-vnet"
          ]
        }
      ]
    },
    {
      "mode": "managed",
      "type": "azurerm_network_security_group",
      "name": "network-nsg1",
      "provider": "provider[\"registry.terraform.io/hashicorp/azurerm\"]",
      "instances": [
        {
          "schema_version": 0,
          "attributes": {
            "id": "/subscriptions/45671bb2-5cf6-4af1-83be-49f267739452/resourceGroups/network-rg/providers/Microsoft.Network/networkSecurityGroups/network-nsg1",
            "location": "centralindia",
            "name": "network-nsg1",
            "resource_group_name": "network-rg",
            "security_rule": [
              {
                "access": "Allow",
                "description": "",
                "destination_address_prefix": "*",
                "destination_address_prefixes": [],
                "destination_application_security_group_ids": [],
                "destination_port_range": "*",
                "destination_port_ranges": [],
                "direction": "Inbound",
                "name": "rule-for-ssh",
                "priority": 100,
                "protocol": "Tcp",
                "source_address_prefix": "*",
                "source_address_prefixes": [],
                "source_application_security_group_ids": [],
                "source_port_range": "22",
                "source_port_ranges": []
              }
            ],
            "tags": {},
            "timeouts": null
          },
          "sensitive_attributes": [],
          "private": "eyJlMmJmYjczMC1lY2FhLTExZTYtOGY4OC0zNDM2M2JjN2M0YzAiOnsiY3JlYXRlIjoxODAwMDAwMDAwMDAwLCJkZWxldGUiOjE4MDAwMDAwMDAwMDAsInJlYWQiOjMwMDAwMDAwMDAwMCwidXBkYXRlIjoxODAwMDAwMDAwMDAwfX0=",
          "dependencies": [
            "azurerm_resource_group.network-rg"
          ]
        }
      ]
    },
    {
      "mode": "managed",
      "type": "azurerm_network_security_group",
      "name": "network-nsg2",
      "provider": "provider[\"registry.terraform.io/hashicorp/azurerm\"]",
      "instances": [
        {
          "schema_version": 0,
          "attributes": {
            "id": "/subscriptions/45671bb2-5cf6-4af1-83be-49f267739452/resourceGroups/network-rg/providers/Microsoft.Network/networkSecurityGroups/network-nsg2",
            "location": "centralindia",
            "name": "network-nsg2",
            "resource_group_name": "network-rg",
            "security_rule": [
              {
                "access": "Allow",
                "description": "",
                "destination_address_prefix": "*",
                "destination_address_prefixes": [],
                "destination_application_security_group_ids": [],
                "destination_port_range": "*",
                "destination_port_ranges": [],
                "direction": "Inbound",
                "name": "rule-for-3389",
                "priority": 100,
                "protocol": "Tcp",
                "source_address_prefix": "*",
                "source_address_prefixes": [],
                "source_application_security_group_ids": [],
                "source_port_range": "3389",
                "source_port_ranges": []
              },
              {
                "access": "Allow",
                "description": "",
                "destination_address_prefix": "*",
                "destination_address_prefixes": [],
                "destination_application_security_group_ids": [],
                "destination_port_range": "*",
                "destination_port_ranges": [],
                "direction": "Inbound",
                "name": "rule-for-5985",
                "priority": 200,
                "protocol": "Tcp",
                "source_address_prefix": "*",
                "source_address_prefixes": [],
                "source_application_security_group_ids": [],
                "source_port_range": "5985",
                "source_port_ranges": []
              }
            ],
            "tags": {},
            "timeouts": null
          },
          "sensitive_attributes": [],
          "private": "eyJlMmJmYjczMC1lY2FhLTExZTYtOGY4OC0zNDM2M2JjN2M0YzAiOnsiY3JlYXRlIjoxODAwMDAwMDAwMDAwLCJkZWxldGUiOjE4MDAwMDAwMDAwMDAsInJlYWQiOjMwMDAwMDAwMDAwMCwidXBkYXRlIjoxODAwMDAwMDAwMDAwfX0=",
          "dependencies": [
            "azurerm_resource_group.network-rg"
          ]
        }
      ]
    },
    {
      "mode": "managed",
      "type": "azurerm_public_ip",
      "name": "public_ip",
      "provider": "provider[\"registry.terraform.io/hashicorp/azurerm\"]",
      "instances": [
        {
          "schema_version": 0,
          "attributes": {
            "allocation_method": "Dynamic",
            "ddos_protection_mode": "VirtualNetworkInherited",
            "ddos_protection_plan_id": null,
            "domain_name_label": "n01580452-u-vm1",
            "edge_zone": "",
            "fqdn": "n01580452-u-vm1.centralindia.cloudapp.azure.com",
            "id": "/subscriptions/45671bb2-5cf6-4af1-83be-49f267739452/resourceGroups/network-rg/providers/Microsoft.Network/publicIPAddresses/n01580452-u-vm1-pip",
            "idle_timeout_in_minutes": 4,
            "ip_address": "",
            "ip_tags": {},
            "ip_version": "IPv4",
            "location": "centralindia",
            "name": "n01580452-u-vm1-pip",
            "public_ip_prefix_id": null,
            "resource_group_name": "network-rg",
            "reverse_fqdn": "",
            "sku": "Basic",
            "sku_tier": "Regional",
            "tags": {},
            "timeouts": null,
            "zones": []
          },
          "sensitive_attributes": [],
          "private": "eyJlMmJmYjczMC1lY2FhLTExZTYtOGY4OC0zNDM2M2JjN2M0YzAiOnsiY3JlYXRlIjoxODAwMDAwMDAwMDAwLCJkZWxldGUiOjE4MDAwMDAwMDAwMDAsInJlYWQiOjMwMDAwMDAwMDAwMCwidXBkYXRlIjoxODAwMDAwMDAwMDAwfX0=",
          "dependencies": [
            "azurerm_resource_group.network-rg"
          ]
        }
      ]
    },
    {
      "mode": "managed",
      "type": "azurerm_resource_group",
      "name": "network-rg",
      "provider": "provider[\"registry.terraform.io/hashicorp/azurerm\"]",
      "instances": [
        {
          "schema_version": 0,
          "attributes": {
            "id": "/subscriptions/45671bb2-5cf6-4af1-83be-49f267739452/resourceGroups/network-rg",
            "location": "centralindia",
            "name": "network-rg",
            "tags": {},
            "timeouts": null
          },
          "sensitive_attributes": [],
          "private": "eyJlMmJmYjczMC1lY2FhLTExZTYtOGY4OC0zNDM2M2JjN2M0YzAiOnsiY3JlYXRlIjo1NDAwMDAwMDAwMDAwLCJkZWxldGUiOjU0MDAwMDAwMDAwMDAsInJlYWQiOjMwMDAwMDAwMDAwMCwidXBkYXRlIjo1NDAwMDAwMDAwMDAwfX0="
        }
      ]
    },
    {
      "mode": "managed",
      "type": "azurerm_subnet",
      "name": "network-subnet1",
      "provider": "provider[\"registry.terraform.io/hashicorp/azurerm\"]",
      "instances": [
        {
          "schema_version": 0,
          "attributes": {
            "address_prefixes": [
              "10.0.0.0/24"
            ],
            "delegation": [],
            "enforce_private_link_endpoint_network_policies": false,
            "enforce_private_link_service_network_policies": false,
            "id": "/subscriptions/45671bb2-5cf6-4af1-83be-49f267739452/resourceGroups/network-rg/providers/Microsoft.Network/virtualNetworks/network-vnet/subnets/network-subnet1",
            "name": "network-subnet1",
            "private_endpoint_network_policies_enabled": true,
            "private_link_service_network_policies_enabled": true,
            "resource_group_name": "network-rg",
            "service_endpoint_policy_ids": [],
            "service_endpoints": [],
            "timeouts": null,
            "virtual_network_name": "network-vnet"
          },
          "sensitive_attributes": [],
          "private": "eyJlMmJmYjczMC1lY2FhLTExZTYtOGY4OC0zNDM2M2JjN2M0YzAiOnsiY3JlYXRlIjoxODAwMDAwMDAwMDAwLCJkZWxldGUiOjE4MDAwMDAwMDAwMDAsInJlYWQiOjMwMDAwMDAwMDAwMCwidXBkYXRlIjoxODAwMDAwMDAwMDAwfX0=",
          "dependencies": [
            "azurerm_resource_group.network-rg",
            "azurerm_virtual_network.network-vnet"
          ]
        }
      ]
    },
    {
      "mode": "managed",
      "type": "azurerm_subnet",
      "name": "network-subnet2",
      "provider": "provider[\"registry.terraform.io/hashicorp/azurerm\"]",
      "instances": [
        {
          "schema_version": 0,
          "attributes": {
            "address_prefixes": [
              "10.0.1.0/24"
            ],
            "delegation": [],
            "enforce_private_link_endpoint_network_policies": false,
            "enforce_private_link_service_network_policies": false,
            "id": "/subscriptions/45671bb2-5cf6-4af1-83be-49f267739452/resourceGroups/network-rg/providers/Microsoft.Network/virtualNetworks/network-vnet/subnets/network-subnet2",
            "name": "network-subnet2",
            "private_endpoint_network_policies_enabled": true,
            "private_link_service_network_policies_enabled": true,
            "resource_group_name": "network-rg",
            "service_endpoint_policy_ids": [],
            "service_endpoints": [],
            "timeouts": null,
            "virtual_network_name": "network-vnet"
          },
          "sensitive_attributes": [],
          "private": "eyJlMmJmYjczMC1lY2FhLTExZTYtOGY4OC0zNDM2M2JjN2M0YzAiOnsiY3JlYXRlIjoxODAwMDAwMDAwMDAwLCJkZWxldGUiOjE4MDAwMDAwMDAwMDAsInJlYWQiOjMwMDAwMDAwMDAwMCwidXBkYXRlIjoxODAwMDAwMDAwMDAwfX0=",
          "dependencies": [
            "azurerm_resource_group.network-rg",
            "azurerm_virtual_network.network-vnet"
          ]
        }
      ]
    },
    {
      "mode": "managed",
      "type": "azurerm_subnet_network_security_group_association",
      "name": "network-subnet1",
      "provider": "provider[\"registry.terraform.io/hashicorp/azurerm\"]",
      "instances": [
        {
          "schema_version": 0,
          "attributes": {
            "id": "/subscriptions/45671bb2-5cf6-4af1-83be-49f267739452/resourceGroups/network-rg/providers/Microsoft.Network/virtualNetworks/network-vnet/subnets/network-subnet1",
            "network_security_group_id": "/subscriptions/45671bb2-5cf6-4af1-83be-49f267739452/resourceGroups/network-rg/providers/Microsoft.Network/networkSecurityGroups/network-nsg1",
            "subnet_id": "/subscriptions/45671bb2-5cf6-4af1-83be-49f267739452/resourceGroups/network-rg/providers/Microsoft.Network/virtualNetworks/network-vnet/subnets/network-subnet1",
            "timeouts": null
          },
          "sensitive_attributes": [],
          "private": "eyJlMmJmYjczMC1lY2FhLTExZTYtOGY4OC0zNDM2M2JjN2M0YzAiOnsiY3JlYXRlIjoxODAwMDAwMDAwMDAwLCJkZWxldGUiOjE4MDAwMDAwMDAwMDAsInJlYWQiOjMwMDAwMDAwMDAwMCwidXBkYXRlIjoxODAwMDAwMDAwMDAwfX0=",
          "dependencies": [
            "azurerm_network_security_group.network-nsg1",
            "azurerm_resource_group.network-rg",
            "azurerm_subnet.network-subnet1",
            "azurerm_virtual_network.network-vnet"
          ]
        }
      ]
    },
    {
      "mode": "managed",
      "type": "azurerm_subnet_network_security_group_association",
      "name": "network-subnet2",
      "provider": "provider[\"registry.terraform.io/hashicorp/azurerm\"]",
      "instances": [
        {
          "schema_version": 0,
          "attributes": {
            "id": "/subscriptions/45671bb2-5cf6-4af1-83be-49f267739452/resourceGroups/network-rg/providers/Microsoft.Network/virtualNetworks/network-vnet/subnets/network-subnet2",
            "network_security_group_id": "/subscriptions/45671bb2-5cf6-4af1-83be-49f267739452/resourceGroups/network-rg/providers/Microsoft.Network/networkSecurityGroups/network-nsg2",
            "subnet_id": "/subscriptions/45671bb2-5cf6-4af1-83be-49f267739452/resourceGroups/network-rg/providers/Microsoft.Network/virtualNetworks/network-vnet/subnets/network-subnet2",
            "timeouts": null
          },
          "sensitive_attributes": [],
          "private": "eyJlMmJmYjczMC1lY2FhLTExZTYtOGY4OC0zNDM2M2JjN2M0YzAiOnsiY3JlYXRlIjoxODAwMDAwMDAwMDAwLCJkZWxldGUiOjE4MDAwMDAwMDAwMDAsInJlYWQiOjMwMDAwMDAwMDAwMCwidXBkYXRlIjoxODAwMDAwMDAwMDAwfX0=",
          "dependencies": [
            "azurerm_network_security_group.network-nsg2",
            "azurerm_resource_group.network-rg",
            "azurerm_subnet.network-subnet2",
            "azurerm_virtual_network.network-vnet"
          ]
        }
      ]
    },
    {
      "mode": "managed",
      "type": "azurerm_virtual_network",
      "name": "network-vnet",
      "provider": "provider[\"registry.terraform.io/hashicorp/azurerm\"]",
      "instances": [
        {
          "schema_version": 0,
          "attributes": {
            "address_space": [
              "10.0.0.0/16"
            ],
            "bgp_community": "",
            "ddos_protection_plan": [],
            "dns_servers": [],
            "edge_zone": "",
            "flow_timeout_in_minutes": 0,
            "guid": "1c7e216d-f925-4ab3-8ef7-f125c7b449c3",
            "id": "/subscriptions/45671bb2-5cf6-4af1-83be-49f267739452/resourceGroups/network-rg/providers/Microsoft.Network/virtualNetworks/network-vnet",
            "location": "centralindia",
            "name": "network-vnet",
            "resource_group_name": "network-rg",
            "subnet": [
              {
                "address_prefix": "10.0.0.0/24",
                "id": "/subscriptions/45671bb2-5cf6-4af1-83be-49f267739452/resourceGroups/network-rg/providers/Microsoft.Network/virtualNetworks/network-vnet/subnets/network-subnet1",
                "name": "network-subnet1",
                "security_group": "/subscriptions/45671bb2-5cf6-4af1-83be-49f267739452/resourceGroups/network-rg/providers/Microsoft.Network/networkSecurityGroups/network-nsg1"
              },
              {
                "address_prefix": "10.0.1.0/24",
                "id": "/subscriptions/45671bb2-5cf6-4af1-83be-49f267739452/resourceGroups/network-rg/providers/Microsoft.Network/virtualNetworks/network-vnet/subnets/network-subnet2",
                "name": "network-subnet2",
                "security_group": "/subscriptions/45671bb2-5cf6-4af1-83be-49f267739452/resourceGroups/network-rg/providers/Microsoft.Network/networkSecurityGroups/network-nsg2"
              }
            ],
            "tags": {},
            "timeouts": null
          },
          "sensitive_attributes": [],
          "private": "eyJlMmJmYjczMC1lY2FhLTExZTYtOGY4OC0zNDM2M2JjN2M0YzAiOnsiY3JlYXRlIjoxODAwMDAwMDAwMDAwLCJkZWxldGUiOjE4MDAwMDAwMDAwMDAsInJlYWQiOjMwMDAwMDAwMDAwMCwidXBkYXRlIjoxODAwMDAwMDAwMDAwfX0=",
          "dependencies": [
            "azurerm_resource_group.network-rg"
          ]
        }
      ]
    }
  ],
  "check_results": null
}
